
Microsoft Visual Studio Solution File, Format Version 12.00
# Visual Studio Version 16
VisualStudioVersion = 16.0.29215.179
MinimumVisualStudioVersion = 10.0.40219.1
Project("{9A19103F-16F7-4668-BE54-9A1E7A4F7556}") = "IxMilia.Lisp", "src\IxMilia.Lisp\IxMilia.Lisp.csproj", "{00DF9550-23B3-4F58-A7A3-AE3AF8408F95}"
EndProject
Project("{9A19103F-16F7-4668-BE54-9A1E7A4F7556}") = "IxMilia.Lisp.Test", "src\IxMilia.Lisp.Test\IxMilia.Lisp.Test.csproj", "{CE010DF7-9D8C-47D7-ACD4-604FA138286B}"
EndProject
Project("{9A19103F-16F7-4668-BE54-9A1E7A4F7556}") = "IxMilia.Lisp.Repl", "src\IxMilia.Lisp.Repl\IxMilia.Lisp.Repl.csproj", "{8F853A1E-491A-4D48-A989-60119528A3B8}"
EndProject
Global
	GlobalSection(SolutionConfigurationPlatforms) = preSolution
		Debug|Any CPU = Debug|Any CPU
		Release|Any CPU = Release|Any CPU
	EndGlobalSection
	GlobalSection(ProjectConfigurationPlatforms) = postSolution
		{00DF9550-23B3-4F58-A7A3-AE3AF8408F95}.Debug|Any CPU.ActiveCfg = Debug|Any CPU
		{00DF9550-23B3-4F58-A7A3-AE3AF8408F95}.Debug|Any CPU.Build.0 = Debug|Any CPU
		{00DF9550-23B3-4F58-A7A3-AE3AF8408F95}.Release|Any CPU.ActiveCfg = Release|Any CPU
		{00DF9550-23B3-4F58-A7A3-AE3AF8408F95}.Release|Any CPU.Build.0 = Release|Any CPU
		{CE010DF7-9D8C-47D7-ACD4-604FA138286B}.Debug|Any CPU.ActiveCfg = Debug|Any CPU
		{CE010DF7-9D8C-47D7-ACD4-604FA138286B}.Debug|Any CPU.Build.0 = Debug|Any CPU
		{CE010DF7-9D8C-47D7-ACD4-604FA138286B}.Release|Any CPU.ActiveCfg = Release|Any CPU
		{CE010DF7-9D8C-47D7-ACD4-604FA138286B}.Release|Any CPU.Build.0 = Release|Any CPU
		{8F853A1E-491A-4D48-A989-60119528A3B8}.Debug|Any CPU.ActiveCfg = Debug|Any CPU
		{8F853A1E-491A-4D48-A989-60119528A3B8}.Debug|Any CPU.Build.0 = Debug|Any CPU
		{8F853A1E-491A-4D48-A989-60119528A3B8}.Release|Any CPU.ActiveCfg = Release|Any CPU
		{8F853A1E-491A-4D48-A989-60119528A3B8}.Release|Any CPU.Build.0 = Release|Any CPU
	EndGlobalSection
	GlobalSection(SolutionProperties) = preSolution
		HideSolutionNode = FALSE
	EndGlobalSection
	GlobalSection(ExtensibilityGlobals) = postSolution
		SolutionGuid = {5CF8333C-DB33-4D86-B52B-322A5A1573AF}
	EndGlobalSection
EndGlobal
