
Microsoft Visual Studio Solution File, Format Version 12.00
# Visual Studio Version 17
VisualStudioVersion = 17.2.32216.311
MinimumVisualStudioVersion = 10.0.40219.1
Project("{9A19103F-16F7-4668-BE54-9A1E7A4F7556}") = "IxMilia.Lisp", "src\IxMilia.Lisp\IxMilia.Lisp.csproj", "{00DF9550-23B3-4F58-A7A3-AE3AF8408F95}"
EndProject
Project("{9A19103F-16F7-4668-BE54-9A1E7A4F7556}") = "IxMilia.Lisp.Test", "src\IxMilia.Lisp.Test\IxMilia.Lisp.Test.csproj", "{CE010DF7-9D8C-47D7-ACD4-604FA138286B}"
EndProject
Project("{9A19103F-16F7-4668-BE54-9A1E7A4F7556}") = "IxMilia.Lisp.Repl", "src\IxMilia.Lisp.Repl\IxMilia.Lisp.Repl.csproj", "{8F853A1E-491A-4D48-A989-60119528A3B8}"
EndProject
Project("{9A19103F-16F7-4668-BE54-9A1E7A4F7556}") = "IxMilia.Lisp.LanguageServer", "src\IxMilia.Lisp.LanguageServer\IxMilia.Lisp.LanguageServer.csproj", "{D2D49353-A906-408E-B103-A29A571ED4A4}"
EndProject
Project("{9A19103F-16F7-4668-BE54-9A1E7A4F7556}") = "IxMilia.Lisp.LanguageServer.Test", "src\IxMilia.Lisp.LanguageServer.Test\IxMilia.Lisp.LanguageServer.Test.csproj", "{6FDE0760-C597-4C4F-9709-F5CF06568E3B}"
EndProject
Project("{9A19103F-16F7-4668-BE54-9A1E7A4F7556}") = "IxMilia.Lisp.Interactive", "src\IxMilia.Lisp.Interactive\IxMilia.Lisp.Interactive.csproj", "{F21AB885-87AA-4F2A-B28F-2124EF0EC27B}"
EndProject
Project("{9A19103F-16F7-4668-BE54-9A1E7A4F7556}") = "IxMilia.Lisp.Interactive.Test", "src\IxMilia.Lisp.Interactive.Test\IxMilia.Lisp.Interactive.Test.csproj", "{FF030384-DC77-4252-8968-3E79C2DA0CE8}"
EndProject
Project("{9A19103F-16F7-4668-BE54-9A1E7A4F7556}") = "IxMilia.Lisp.Wasm", "src\IxMilia.Lisp.Wasm\IxMilia.Lisp.Wasm.csproj", "{A0970865-9A11-485C-9FD9-CC1E1294411D}"
EndProject
Project("{9A19103F-16F7-4668-BE54-9A1E7A4F7556}") = "IxMilia.Lisp.EditorServer", "src\IxMilia.Lisp.EditorServer\IxMilia.Lisp.EditorServer.csproj", "{B5CB4E75-9669-4512-BB06-4AEAE4C9C2C1}"
EndProject
Project("{9A19103F-16F7-4668-BE54-9A1E7A4F7556}") = "IxMilia.Lisp.DebugAdapter", "src\IxMilia.Lisp.DebugAdapter\IxMilia.Lisp.DebugAdapter.csproj", "{0A5DD467-40E0-448D-B338-E0E284326269}"
EndProject
Project("{9A19103F-16F7-4668-BE54-9A1E7A4F7556}") = "IxMilia.Lisp.DebugAdapter.Test", "src\IxMilia.Lisp.DebugAdapter.Test\IxMilia.Lisp.DebugAdapter.Test.csproj", "{8C3C5FA1-95CA-43C7-848E-30778AE50388}"
EndProject
Project("{9A19103F-16F7-4668-BE54-9A1E7A4F7556}") = "IxMilia.Lisp.Generator", "src\IxMilia.Lisp.Generator\IxMilia.Lisp.Generator.csproj", "{FBE00799-E3F6-4632-ACEC-DBEA6A4DDB60}"
EndProject
Global
	GlobalSection(SolutionConfigurationPlatforms) = preSolution
		Debug|Any CPU = Debug|Any CPU
		Release|Any CPU = Release|Any CPU
	EndGlobalSection
	GlobalSection(ProjectConfigurationPlatforms) = postSolution
		{00DF9550-23B3-4F58-A7A3-AE3AF8408F95}.Debug|Any CPU.ActiveCfg = Debug|Any CPU
		{00DF9550-23B3-4F58-A7A3-AE3AF8408F95}.Debug|Any CPU.Build.0 = Debug|Any CPU
		{00DF9550-23B3-4F58-A7A3-AE3AF8408F95}.Release|Any CPU.ActiveCfg = Release|Any CPU
		{00DF9550-23B3-4F58-A7A3-AE3AF8408F95}.Release|Any CPU.Build.0 = Release|Any CPU
		{CE010DF7-9D8C-47D7-ACD4-604FA138286B}.Debug|Any CPU.ActiveCfg = Debug|Any CPU
		{CE010DF7-9D8C-47D7-ACD4-604FA138286B}.Debug|Any CPU.Build.0 = Debug|Any CPU
		{CE010DF7-9D8C-47D7-ACD4-604FA138286B}.Release|Any CPU.ActiveCfg = Release|Any CPU
		{CE010DF7-9D8C-47D7-ACD4-604FA138286B}.Release|Any CPU.Build.0 = Release|Any CPU
		{8F853A1E-491A-4D48-A989-60119528A3B8}.Debug|Any CPU.ActiveCfg = Debug|Any CPU
		{8F853A1E-491A-4D48-A989-60119528A3B8}.Debug|Any CPU.Build.0 = Debug|Any CPU
		{8F853A1E-491A-4D48-A989-60119528A3B8}.Release|Any CPU.ActiveCfg = Release|Any CPU
		{8F853A1E-491A-4D48-A989-60119528A3B8}.Release|Any CPU.Build.0 = Release|Any CPU
		{D2D49353-A906-408E-B103-A29A571ED4A4}.Debug|Any CPU.ActiveCfg = Debug|Any CPU
		{D2D49353-A906-408E-B103-A29A571ED4A4}.Debug|Any CPU.Build.0 = Debug|Any CPU
		{D2D49353-A906-408E-B103-A29A571ED4A4}.Release|Any CPU.ActiveCfg = Release|Any CPU
		{D2D49353-A906-408E-B103-A29A571ED4A4}.Release|Any CPU.Build.0 = Release|Any CPU
		{6FDE0760-C597-4C4F-9709-F5CF06568E3B}.Debug|Any CPU.ActiveCfg = Debug|Any CPU
		{6FDE0760-C597-4C4F-9709-F5CF06568E3B}.Debug|Any CPU.Build.0 = Debug|Any CPU
		{6FDE0760-C597-4C4F-9709-F5CF06568E3B}.Release|Any CPU.ActiveCfg = Release|Any CPU
		{6FDE0760-C597-4C4F-9709-F5CF06568E3B}.Release|Any CPU.Build.0 = Release|Any CPU
		{F21AB885-87AA-4F2A-B28F-2124EF0EC27B}.Debug|Any CPU.ActiveCfg = Debug|Any CPU
		{F21AB885-87AA-4F2A-B28F-2124EF0EC27B}.Debug|Any CPU.Build.0 = Debug|Any CPU
		{F21AB885-87AA-4F2A-B28F-2124EF0EC27B}.Release|Any CPU.ActiveCfg = Release|Any CPU
		{F21AB885-87AA-4F2A-B28F-2124EF0EC27B}.Release|Any CPU.Build.0 = Release|Any CPU
		{FF030384-DC77-4252-8968-3E79C2DA0CE8}.Debug|Any CPU.ActiveCfg = Debug|Any CPU
		{FF030384-DC77-4252-8968-3E79C2DA0CE8}.Debug|Any CPU.Build.0 = Debug|Any CPU
		{FF030384-DC77-4252-8968-3E79C2DA0CE8}.Release|Any CPU.ActiveCfg = Release|Any CPU
		{FF030384-DC77-4252-8968-3E79C2DA0CE8}.Release|Any CPU.Build.0 = Release|Any CPU
		{A0970865-9A11-485C-9FD9-CC1E1294411D}.Debug|Any CPU.ActiveCfg = Debug|Any CPU
		{A0970865-9A11-485C-9FD9-CC1E1294411D}.Debug|Any CPU.Build.0 = Debug|Any CPU
		{A0970865-9A11-485C-9FD9-CC1E1294411D}.Release|Any CPU.ActiveCfg = Release|Any CPU
		{A0970865-9A11-485C-9FD9-CC1E1294411D}.Release|Any CPU.Build.0 = Release|Any CPU
		{B5CB4E75-9669-4512-BB06-4AEAE4C9C2C1}.Debug|Any CPU.ActiveCfg = Debug|Any CPU
		{B5CB4E75-9669-4512-BB06-4AEAE4C9C2C1}.Debug|Any CPU.Build.0 = Debug|Any CPU
		{B5CB4E75-9669-4512-BB06-4AEAE4C9C2C1}.Release|Any CPU.ActiveCfg = Release|Any CPU
		{B5CB4E75-9669-4512-BB06-4AEAE4C9C2C1}.Release|Any CPU.Build.0 = Release|Any CPU
		{0A5DD467-40E0-448D-B338-E0E284326269}.Debug|Any CPU.ActiveCfg = Debug|Any CPU
		{0A5DD467-40E0-448D-B338-E0E284326269}.Debug|Any CPU.Build.0 = Debug|Any CPU
		{0A5DD467-40E0-448D-B338-E0E284326269}.Release|Any CPU.ActiveCfg = Release|Any CPU
		{0A5DD467-40E0-448D-B338-E0E284326269}.Release|Any CPU.Build.0 = Release|Any CPU
		{8C3C5FA1-95CA-43C7-848E-30778AE50388}.Debug|Any CPU.ActiveCfg = Debug|Any CPU
		{8C3C5FA1-95CA-43C7-848E-30778AE50388}.Debug|Any CPU.Build.0 = Debug|Any CPU
		{8C3C5FA1-95CA-43C7-848E-30778AE50388}.Release|Any CPU.ActiveCfg = Release|Any CPU
		{8C3C5FA1-95CA-43C7-848E-30778AE50388}.Release|Any CPU.Build.0 = Release|Any CPU
		{FBE00799-E3F6-4632-ACEC-DBEA6A4DDB60}.Debug|Any CPU.ActiveCfg = Debug|Any CPU
		{FBE00799-E3F6-4632-ACEC-DBEA6A4DDB60}.Debug|Any CPU.Build.0 = Debug|Any CPU
		{FBE00799-E3F6-4632-ACEC-DBEA6A4DDB60}.Release|Any CPU.ActiveCfg = Release|Any CPU
		{FBE00799-E3F6-4632-ACEC-DBEA6A4DDB60}.Release|Any CPU.Build.0 = Release|Any CPU
	EndGlobalSection
	GlobalSection(SolutionProperties) = preSolution
		HideSolutionNode = FALSE
	EndGlobalSection
	GlobalSection(ExtensibilityGlobals) = postSolution
		SolutionGuid = {5CF8333C-DB33-4D86-B52B-322A5A1573AF}
	EndGlobalSection
EndGlobal
